
Microsoft Visual Studio Solution File, Format Version 12.00
Project("{FAE04EC0-301F-11D3-BF4B-00C04F79EFBC}") = "Atm.Web", "Atm.Web\Atm.Web.csproj", "{B00F0033-C048-415D-B580-691D5853FD22}"
EndProject
Project("{FAE04EC0-301F-11D3-BF4B-00C04F79EFBC}") = "Atm.Domain", "Atm.Domain\Atm.Domain.csproj", "{F95EA2B4-3B6D-470E-9BC7-DA8D608CC604}"
EndProject
Project("{FAE04EC0-301F-11D3-BF4B-00C04F79EFBC}") = "Atm.Application", "Atm.Application\Atm.Application.csproj", "{A9178112-4AB3-4073-97B9-6EFEF38AFDB8}"
EndProject
Global
	GlobalSection(SolutionConfigurationPlatforms) = preSolution
		Debug|Any CPU = Debug|Any CPU
		Release|Any CPU = Release|Any CPU
	EndGlobalSection
	GlobalSection(ProjectConfigurationPlatforms) = postSolution
		{B00F0033-C048-415D-B580-691D5853FD22}.Debug|Any CPU.ActiveCfg = Debug|Any CPU
		{B00F0033-C048-415D-B580-691D5853FD22}.Debug|Any CPU.Build.0 = Debug|Any CPU
		{B00F0033-C048-415D-B580-691D5853FD22}.Release|Any CPU.ActiveCfg = Release|Any CPU
		{B00F0033-C048-415D-B580-691D5853FD22}.Release|Any CPU.Build.0 = Release|Any CPU
		{F95EA2B4-3B6D-470E-9BC7-DA8D608CC604}.Debug|Any CPU.ActiveCfg = Debug|Any CPU
		{F95EA2B4-3B6D-470E-9BC7-DA8D608CC604}.Debug|Any CPU.Build.0 = Debug|Any CPU
		{F95EA2B4-3B6D-470E-9BC7-DA8D608CC604}.Release|Any CPU.ActiveCfg = Release|Any CPU
		{F95EA2B4-3B6D-470E-9BC7-DA8D608CC604}.Release|Any CPU.Build.0 = Release|Any CPU
		{A9178112-4AB3-4073-97B9-6EFEF38AFDB8}.Debug|Any CPU.ActiveCfg = Debug|Any CPU
		{A9178112-4AB3-4073-97B9-6EFEF38AFDB8}.Debug|Any CPU.Build.0 = Debug|Any CPU
		{A9178112-4AB3-4073-97B9-6EFEF38AFDB8}.Release|Any CPU.ActiveCfg = Release|Any CPU
		{A9178112-4AB3-4073-97B9-6EFEF38AFDB8}.Release|Any CPU.Build.0 = Release|Any CPU
	EndGlobalSection
EndGlobal
